
Microsoft Visual Studio Solution File, Format Version 12.00
# Visual Studio Version 17
VisualStudioVersion = 17.14.36408.4 d17.14
MinimumVisualStudioVersion = 10.0.40219.1
Project("{FAE04EC0-301F-11D3-BF4B-00C04F79EFBC}") = "Calculadora", "Calculadora\Calculadora.csproj", "{F8923E9B-4861-4378-98D7-8AC9A7466C56}"
EndProject
Global
	GlobalSection(SolutionConfigurationPlatforms) = preSolution
		Debug|Any CPU = Debug|Any CPU
		Release|Any CPU = Release|Any CPU
	EndGlobalSection
	GlobalSection(ProjectConfigurationPlatforms) = postSolution
		{F8923E9B-4861-4378-98D7-8AC9A7466C56}.Debug|Any CPU.ActiveCfg = Debug|Any CPU
		{F8923E9B-4861-4378-98D7-8AC9A7466C56}.Debug|Any CPU.Build.0 = Debug|Any CPU
		{F8923E9B-4861-4378-98D7-8AC9A7466C56}.Release|Any CPU.ActiveCfg = Release|Any CPU
		{F8923E9B-4861-4378-98D7-8AC9A7466C56}.Release|Any CPU.Build.0 = Release|Any CPU
	EndGlobalSection
	GlobalSection(SolutionProperties) = preSolution
		HideSolutionNode = FALSE
	EndGlobalSection
	GlobalSection(ExtensibilityGlobals) = postSolution
		SolutionGuid = {62F857EF-9CAB-4E20-B03D-6DB80DCEE05E}
	EndGlobalSection
EndGlobal
